
Microsoft Visual Studio Solution File, Format Version 12.00
# Visual Studio Version 16
VisualStudioVersion = 16.0.30611.23
MinimumVisualStudioVersion = 10.0.40219.1
Project("{E24C65DC-7377-472B-9ABA-BC803B73C61A}") = "Blackjackupload", "http://localhost:64607", "{EE137B70-9B22-43DC-AE3B-4F253B66EF86}"
	ProjectSection(WebsiteProperties) = preProject
		UseIISExpress = "true"
		TargetFrameworkMoniker = ".NETFramework,Version%3Dv4.0"
		Debug.AspNetCompiler.VirtualPath = "/localhost_64607"
		Debug.AspNetCompiler.PhysicalPath = "D:\udemy\FreeCodeCamp\Blackjackupload\"
		Debug.AspNetCompiler.TargetPath = "PrecompiledWeb\localhost_64607\"
		Debug.AspNetCompiler.Updateable = "true"
		Debug.AspNetCompiler.ForceOverwrite = "true"
		Debug.AspNetCompiler.FixedNames = "false"
		Debug.AspNetCompiler.Debug = "True"
		Release.AspNetCompiler.VirtualPath = "/localhost_64607"
		Release.AspNetCompiler.PhysicalPath = "D:\udemy\FreeCodeCamp\Blackjackupload\"
		Release.AspNetCompiler.TargetPath = "PrecompiledWeb\localhost_64607\"
		Release.AspNetCompiler.Updateable = "true"
		Release.AspNetCompiler.ForceOverwrite = "true"
		Release.AspNetCompiler.FixedNames = "false"
		Release.AspNetCompiler.Debug = "False"
		SlnRelativePath = "D:\udemy\FreeCodeCamp\Blackjackupload\"
	EndProjectSection
EndProject
Global
	GlobalSection(SolutionConfigurationPlatforms) = preSolution
		Debug|Any CPU = Debug|Any CPU
	EndGlobalSection
	GlobalSection(ProjectConfigurationPlatforms) = postSolution
		{EE137B70-9B22-43DC-AE3B-4F253B66EF86}.Debug|Any CPU.ActiveCfg = Debug|Any CPU
		{EE137B70-9B22-43DC-AE3B-4F253B66EF86}.Debug|Any CPU.Build.0 = Debug|Any CPU
	EndGlobalSection
	GlobalSection(SolutionProperties) = preSolution
		HideSolutionNode = FALSE
	EndGlobalSection
	GlobalSection(ExtensibilityGlobals) = postSolution
		SolutionGuid = {35C5CB94-3D9A-440A-916C-15146FB82CDF}
	EndGlobalSection
EndGlobal
